{
  "version": "2",
  "remote": {
    "https://crux.land/api/get/2KNRVU.ts": "6a77d55844aba78d01520c5ff0b2f0af7f24cc1716a0de8b3bb6bd918c47b5ba",
    "https://deno.land/std@0.192.0/fmt/colors.ts": "d67e3cd9f472535241a8e410d33423980bec45047e343577554d3356e1f0ef4e",
    "https://deno.land/std@0.192.0/testing/_diff.ts": "1a3c044aedf77647d6cac86b798c6417603361b66b54c53331b312caeb447aea",
    "https://deno.land/std@0.192.0/testing/_format.ts": "a69126e8a469009adf4cf2a50af889aca364c349797e63174884a52ff75cf4c7",
    "https://deno.land/std@0.192.0/testing/asserts.ts": "e16d98b4d73ffc4ed498d717307a12500ae4f2cbe668f1a215632d19fcffc22f",
    "https://deno.land/x/mock_fetch@0.3.0/mod.ts": "7e7806c65ab17b2b684c334c4e565812bdaf504a3e9c938d2bb52bb67428bc89",
    "https://deno.land/x/yumi@v0.1.0-alpha.3/addons/body_resolvers.ts": "58849bec4e735bb3f6e666ce62bc6c5557393c12a09e8747b9662df80c42ecad",
    "https://deno.land/x/yumi@v0.1.0-alpha.3/addons/fetch_methods.ts": "6597b7a58790c21752cc3b3a4d5cefcebb402bdd46463f093b750a808629c5d3",
    "https://deno.land/x/yumi@v0.1.0-alpha.3/addons/json.ts": "955ca8a6ad1194126f4b9b5e7ecd830aa0b58e1391958543bea1f4361176a414",
    "https://deno.land/x/yumi@v0.1.0-alpha.3/addons/mod.ts": "c685c3656194ca192b5f6a4332e57f6d01eaf361485c6692ea4b966d89a85e88",
    "https://deno.land/x/yumi@v0.1.0-alpha.3/addons/query.ts": "b66cba924a6a1b84c06a04728da9c4b81be8c4909866a009e060a663b70cb20b",
    "https://deno.land/x/yumi@v0.1.0-alpha.3/core.ts": "786550eb692a0ff752fea8a93fbb205d5cc64ea058e46ed08ecfc0aa1a556bb0",
    "https://deno.land/x/yumi@v0.1.0-alpha.3/mod.ts": "a953dc5a78338588ed11bc3b2d7e139e5608f52d43adb9b4dbaeb0ba8d3ec027"
  },
  "npm": {
    "specifiers": {
      "axios": "axios@1.4.0",
      "got": "got@12.6.0",
      "ky": "ky@0.33.3",
      "typescript": "typescript@5.1.3",
      "vite": "vite@4.3.9",
      "wretch": "wretch@2.5.2",
      "ya-fetch": "ya-fetch@2.1.0"
    },
    "packages": {
      "@esbuild/android-arm64@0.17.19": {
        "integrity": "sha512-KBMWvEZooR7+kzY0BtbTQn0OAYY7CsiydT63pVEaPtVYF0hXbUaOyZog37DKxK7NF3XacBJOpYT4adIJh+avxA==",
        "dependencies": {}
      },
      "@esbuild/android-arm@0.17.19": {
        "integrity": "sha512-rIKddzqhmav7MSmoFCmDIb6e2W57geRsM94gV2l38fzhXMwq7hZoClug9USI2pFRGL06f4IOPHHpFNOkWieR8A==",
        "dependencies": {}
      },
      "@esbuild/android-x64@0.17.19": {
        "integrity": "sha512-uUTTc4xGNDT7YSArp/zbtmbhO0uEEK9/ETW29Wk1thYUJBz3IVnvgEiEwEa9IeLyvnpKrWK64Utw2bgUmDveww==",
        "dependencies": {}
      },
      "@esbuild/darwin-arm64@0.17.19": {
        "integrity": "sha512-80wEoCfF/hFKM6WE1FyBHc9SfUblloAWx6FJkFWTWiCoht9Mc0ARGEM47e67W9rI09YoUxJL68WHfDRYEAvOhg==",
        "dependencies": {}
      },
      "@esbuild/darwin-x64@0.17.19": {
        "integrity": "sha512-IJM4JJsLhRYr9xdtLytPLSH9k/oxR3boaUIYiHkAawtwNOXKE8KoU8tMvryogdcT8AU+Bflmh81Xn6Q0vTZbQw==",
        "dependencies": {}
      },
      "@esbuild/freebsd-arm64@0.17.19": {
        "integrity": "sha512-pBwbc7DufluUeGdjSU5Si+P3SoMF5DQ/F/UmTSb8HXO80ZEAJmrykPyzo1IfNbAoaqw48YRpv8shwd1NoI0jcQ==",
        "dependencies": {}
      },
      "@esbuild/freebsd-x64@0.17.19": {
        "integrity": "sha512-4lu+n8Wk0XlajEhbEffdy2xy53dpR06SlzvhGByyg36qJw6Kpfk7cp45DR/62aPH9mtJRmIyrXAS5UWBrJT6TQ==",
        "dependencies": {}
      },
      "@esbuild/linux-arm64@0.17.19": {
        "integrity": "sha512-ct1Tg3WGwd3P+oZYqic+YZF4snNl2bsnMKRkb3ozHmnM0dGWuxcPTTntAF6bOP0Sp4x0PjSF+4uHQ1xvxfRKqg==",
        "dependencies": {}
      },
      "@esbuild/linux-arm@0.17.19": {
        "integrity": "sha512-cdmT3KxjlOQ/gZ2cjfrQOtmhG4HJs6hhvm3mWSRDPtZ/lP5oe8FWceS10JaSJC13GBd4eH/haHnqf7hhGNLerA==",
        "dependencies": {}
      },
      "@esbuild/linux-ia32@0.17.19": {
        "integrity": "sha512-w4IRhSy1VbsNxHRQpeGCHEmibqdTUx61Vc38APcsRbuVgK0OPEnQ0YD39Brymn96mOx48Y2laBQGqgZ0j9w6SQ==",
        "dependencies": {}
      },
      "@esbuild/linux-loong64@0.17.19": {
        "integrity": "sha512-2iAngUbBPMq439a+z//gE+9WBldoMp1s5GWsUSgqHLzLJ9WoZLZhpwWuym0u0u/4XmZ3gpHmzV84PonE+9IIdQ==",
        "dependencies": {}
      },
      "@esbuild/linux-mips64el@0.17.19": {
        "integrity": "sha512-LKJltc4LVdMKHsrFe4MGNPp0hqDFA1Wpt3jE1gEyM3nKUvOiO//9PheZZHfYRfYl6AwdTH4aTcXSqBerX0ml4A==",
        "dependencies": {}
      },
      "@esbuild/linux-ppc64@0.17.19": {
        "integrity": "sha512-/c/DGybs95WXNS8y3Ti/ytqETiW7EU44MEKuCAcpPto3YjQbyK3IQVKfF6nbghD7EcLUGl0NbiL5Rt5DMhn5tg==",
        "dependencies": {}
      },
      "@esbuild/linux-riscv64@0.17.19": {
        "integrity": "sha512-FC3nUAWhvFoutlhAkgHf8f5HwFWUL6bYdvLc/TTuxKlvLi3+pPzdZiFKSWz/PF30TB1K19SuCxDTI5KcqASJqA==",
        "dependencies": {}
      },
      "@esbuild/linux-s390x@0.17.19": {
        "integrity": "sha512-IbFsFbxMWLuKEbH+7sTkKzL6NJmG2vRyy6K7JJo55w+8xDk7RElYn6xvXtDW8HCfoKBFK69f3pgBJSUSQPr+4Q==",
        "dependencies": {}
      },
      "@esbuild/linux-x64@0.17.19": {
        "integrity": "sha512-68ngA9lg2H6zkZcyp22tsVt38mlhWde8l3eJLWkyLrp4HwMUr3c1s/M2t7+kHIhvMjglIBrFpncX1SzMckomGw==",
        "dependencies": {}
      },
      "@esbuild/netbsd-x64@0.17.19": {
        "integrity": "sha512-CwFq42rXCR8TYIjIfpXCbRX0rp1jo6cPIUPSaWwzbVI4aOfX96OXY8M6KNmtPcg7QjYeDmN+DD0Wp3LaBOLf4Q==",
        "dependencies": {}
      },
      "@esbuild/openbsd-x64@0.17.19": {
        "integrity": "sha512-cnq5brJYrSZ2CF6c35eCmviIN3k3RczmHz8eYaVlNasVqsNY+JKohZU5MKmaOI+KkllCdzOKKdPs762VCPC20g==",
        "dependencies": {}
      },
      "@esbuild/sunos-x64@0.17.19": {
        "integrity": "sha512-vCRT7yP3zX+bKWFeP/zdS6SqdWB8OIpaRq/mbXQxTGHnIxspRtigpkUcDMlSCOejlHowLqII7K2JKevwyRP2rg==",
        "dependencies": {}
      },
      "@esbuild/win32-arm64@0.17.19": {
        "integrity": "sha512-yYx+8jwowUstVdorcMdNlzklLYhPxjniHWFKgRqH7IFlUEa0Umu3KuYplf1HUZZ422e3NU9F4LGb+4O0Kdcaag==",
        "dependencies": {}
      },
      "@esbuild/win32-ia32@0.17.19": {
        "integrity": "sha512-eggDKanJszUtCdlVs0RB+h35wNlb5v4TWEkq4vZcmVt5u/HiDZrTXe2bWFQUez3RgNHwx/x4sk5++4NSSicKkw==",
        "dependencies": {}
      },
      "@esbuild/win32-x64@0.17.19": {
        "integrity": "sha512-lAhycmKnVOuRYNtRtatQR1LPQf2oYCkRGkSFnseDAKPl8lu5SOsK/e1sXe5a0Pc5kHIHe6P2I/ilntNv2xf3cA==",
        "dependencies": {}
      },
      "@sindresorhus/is@5.3.0": {
        "integrity": "sha512-CX6t4SYQ37lzxicAqsBtxA3OseeoVrh9cSJ5PFYam0GksYlupRfy1A+Q4aYD3zvcfECLc0zO2u+ZnR2UYKvCrw==",
        "dependencies": {}
      },
      "@szmarczak/http-timer@5.0.1": {
        "integrity": "sha512-+PmQX0PiAYPMeVYe237LJAYvOMYW1j2rH5YROyS3b4CTVJum34HfRvKvAzozHAQG0TnHNdUfY9nCeUyRAs//cw==",
        "dependencies": {
          "defer-to-connect": "defer-to-connect@2.0.1"
        }
      },
      "@types/http-cache-semantics@4.0.1": {
        "integrity": "sha512-SZs7ekbP8CN0txVG2xVRH6EgKmEm31BOxA07vkFaETzZz1xh+cbt8BcI0slpymvwhx5dlFnQG2rTlPVQn+iRPQ==",
        "dependencies": {}
      },
      "asynckit@0.4.0": {
        "integrity": "sha512-Oei9OH4tRh0YqU3GxhX79dM/mwVgvbZJaSNaRk+bshkj0S5cfHcgYakreBjrHwatXKbz+IoIdYLxrKim2MjW0Q==",
        "dependencies": {}
      },
      "axios@1.4.0": {
        "integrity": "sha512-S4XCWMEmzvo64T9GfvQDOXgYRDJ/wsSZc7Jvdgx5u1sd0JwsuPLqb3SYmusag+edF6ziyMensPVqLTSc1PiSEA==",
        "dependencies": {
          "follow-redirects": "follow-redirects@1.15.2",
          "form-data": "form-data@4.0.0",
          "proxy-from-env": "proxy-from-env@1.1.0"
        }
      },
      "cacheable-lookup@7.0.0": {
        "integrity": "sha512-+qJyx4xiKra8mZrcwhjMRMUhD5NR1R8esPkzIYxX96JiecFoxAXFuz/GpR3+ev4PE1WamHip78wV0vcmPQtp8w==",
        "dependencies": {}
      },
      "cacheable-request@10.2.10": {
        "integrity": "sha512-v6WB+Epm/qO4Hdlio/sfUn69r5Shgh39SsE9DSd4bIezP0mblOlObI+I0kUEM7J0JFc+I7pSeMeYaOYtX1N/VQ==",
        "dependencies": {
          "@types/http-cache-semantics": "@types/http-cache-semantics@4.0.1",
          "get-stream": "get-stream@6.0.1",
          "http-cache-semantics": "http-cache-semantics@4.1.1",
          "keyv": "keyv@4.5.2",
          "mimic-response": "mimic-response@4.0.0",
          "normalize-url": "normalize-url@8.0.0",
          "responselike": "responselike@3.0.0"
        }
      },
      "combined-stream@1.0.8": {
        "integrity": "sha512-FQN4MRfuJeHf7cBbBMJFXhKSDq+2kAArBlmRBvcvFE5BB1HZKXtSFASDhdlz9zOYwxh8lDdnvmMOe/+5cdoEdg==",
        "dependencies": {
          "delayed-stream": "delayed-stream@1.0.0"
        }
      },
      "decompress-response@6.0.0": {
        "integrity": "sha512-aW35yZM6Bb/4oJlZncMH2LCoZtJXTRxES17vE3hoRiowU2kWHaJKFkSBDnDR+cm9J+9QhXmREyIfv0pji9ejCQ==",
        "dependencies": {
          "mimic-response": "mimic-response@3.1.0"
        }
      },
      "defer-to-connect@2.0.1": {
        "integrity": "sha512-4tvttepXG1VaYGrRibk5EwJd1t4udunSOVMdLSAL6mId1ix438oPwPZMALY41FCijukO1L0twNcGsdzS7dHgDg==",
        "dependencies": {}
      },
      "delayed-stream@1.0.0": {
        "integrity": "sha512-ZySD7Nf91aLB0RxL4KGrKHBXl7Eds1DAmEdcoVawXnLD7SDhpNgtuII2aAkg7a7QS41jxPSZ17p4VdGnMHk3MQ==",
        "dependencies": {}
      },
      "esbuild@0.17.19": {
        "integrity": "sha512-XQ0jAPFkK/u3LcVRcvVHQcTIqD6E2H1fvZMA5dQPSOWb3suUbWbfbRf94pjc0bNzRYLfIrDRQXr7X+LHIm5oHw==",
        "dependencies": {
          "@esbuild/android-arm": "@esbuild/android-arm@0.17.19",
          "@esbuild/android-arm64": "@esbuild/android-arm64@0.17.19",
          "@esbuild/android-x64": "@esbuild/android-x64@0.17.19",
          "@esbuild/darwin-arm64": "@esbuild/darwin-arm64@0.17.19",
          "@esbuild/darwin-x64": "@esbuild/darwin-x64@0.17.19",
          "@esbuild/freebsd-arm64": "@esbuild/freebsd-arm64@0.17.19",
          "@esbuild/freebsd-x64": "@esbuild/freebsd-x64@0.17.19",
          "@esbuild/linux-arm": "@esbuild/linux-arm@0.17.19",
          "@esbuild/linux-arm64": "@esbuild/linux-arm64@0.17.19",
          "@esbuild/linux-ia32": "@esbuild/linux-ia32@0.17.19",
          "@esbuild/linux-loong64": "@esbuild/linux-loong64@0.17.19",
          "@esbuild/linux-mips64el": "@esbuild/linux-mips64el@0.17.19",
          "@esbuild/linux-ppc64": "@esbuild/linux-ppc64@0.17.19",
          "@esbuild/linux-riscv64": "@esbuild/linux-riscv64@0.17.19",
          "@esbuild/linux-s390x": "@esbuild/linux-s390x@0.17.19",
          "@esbuild/linux-x64": "@esbuild/linux-x64@0.17.19",
          "@esbuild/netbsd-x64": "@esbuild/netbsd-x64@0.17.19",
          "@esbuild/openbsd-x64": "@esbuild/openbsd-x64@0.17.19",
          "@esbuild/sunos-x64": "@esbuild/sunos-x64@0.17.19",
          "@esbuild/win32-arm64": "@esbuild/win32-arm64@0.17.19",
          "@esbuild/win32-ia32": "@esbuild/win32-ia32@0.17.19",
          "@esbuild/win32-x64": "@esbuild/win32-x64@0.17.19"
        }
      },
      "follow-redirects@1.15.2": {
        "integrity": "sha512-VQLG33o04KaQ8uYi2tVNbdrWp1QWxNNea+nmIB4EVM28v0hmP17z7aG1+wAkNzVq4KeXTq3221ye5qTJP91JwA==",
        "dependencies": {}
      },
      "form-data-encoder@2.1.4": {
        "integrity": "sha512-yDYSgNMraqvnxiEXO4hi88+YZxaHC6QKzb5N84iRCTDeRO7ZALpir/lVmf/uXUhnwUr2O4HU8s/n6x+yNjQkHw==",
        "dependencies": {}
      },
      "form-data@4.0.0": {
        "integrity": "sha512-ETEklSGi5t0QMZuiXoA/Q6vcnxcLQP5vdugSpuAyi6SVGi2clPPp+xgEhuMaHC+zGgn31Kd235W35f7Hykkaww==",
        "dependencies": {
          "asynckit": "asynckit@0.4.0",
          "combined-stream": "combined-stream@1.0.8",
          "mime-types": "mime-types@2.1.35"
        }
      },
      "fsevents@2.3.2": {
        "integrity": "sha512-xiqMQR4xAeHTuB9uWm+fFRcIOgKBMiOBP+eXiyT7jsgVCq1bkVygt00oASowB7EdtpOHaaPgKt812P9ab+DDKA==",
        "dependencies": {}
      },
      "get-stream@6.0.1": {
        "integrity": "sha512-ts6Wi+2j3jQjqi70w5AlN8DFnkSwC+MqmxEzdEALB2qXZYV3X/b1CTfgPLGJNMeAWxdPfU8FO1ms3NUfaHCPYg==",
        "dependencies": {}
      },
      "got@12.6.0": {
        "integrity": "sha512-WTcaQ963xV97MN3x0/CbAriXFZcXCfgxVp91I+Ze6pawQOa7SgzwSx2zIJJsX+kTajMnVs0xcFD1TxZKFqhdnQ==",
        "dependencies": {
          "@sindresorhus/is": "@sindresorhus/is@5.3.0",
          "@szmarczak/http-timer": "@szmarczak/http-timer@5.0.1",
          "cacheable-lookup": "cacheable-lookup@7.0.0",
          "cacheable-request": "cacheable-request@10.2.10",
          "decompress-response": "decompress-response@6.0.0",
          "form-data-encoder": "form-data-encoder@2.1.4",
          "get-stream": "get-stream@6.0.1",
          "http2-wrapper": "http2-wrapper@2.2.0",
          "lowercase-keys": "lowercase-keys@3.0.0",
          "p-cancelable": "p-cancelable@3.0.0",
          "responselike": "responselike@3.0.0"
        }
      },
      "http-cache-semantics@4.1.1": {
        "integrity": "sha512-er295DKPVsV82j5kw1Gjt+ADA/XYHsajl82cGNQG2eyoPkvgUhX+nDIyelzhIWbbsXP39EHcI6l5tYs2FYqYXQ==",
        "dependencies": {}
      },
      "http2-wrapper@2.2.0": {
        "integrity": "sha512-kZB0wxMo0sh1PehyjJUWRFEd99KC5TLjZ2cULC4f9iqJBAmKQQXEICjxl5iPJRwP40dpeHFqqhm7tYCvODpqpQ==",
        "dependencies": {
          "quick-lru": "quick-lru@5.1.1",
          "resolve-alpn": "resolve-alpn@1.2.1"
        }
      },
      "json-buffer@3.0.1": {
        "integrity": "sha512-4bV5BfR2mqfQTJm+V5tPPdf+ZpuhiIvTuAB5g8kcrXOZpTT/QwwVRWBywX1ozr6lEuPdbHxwaJlm9G6mI2sfSQ==",
        "dependencies": {}
      },
      "keyv@4.5.2": {
        "integrity": "sha512-5MHbFaKn8cNSmVW7BYnijeAVlE4cYA/SVkifVgrh7yotnfhKmjuXpDKjrABLnT0SfHWV21P8ow07OGfRrNDg8g==",
        "dependencies": {
          "json-buffer": "json-buffer@3.0.1"
        }
      },
      "ky@0.33.3": {
        "integrity": "sha512-CasD9OCEQSFIam2U8efFK81Yeg8vNMTBUqtMOHlrcWQHqUX3HeCl9Dr31u4toV7emlH8Mymk5+9p0lL6mKb/Xw==",
        "dependencies": {}
      },
      "lowercase-keys@3.0.0": {
        "integrity": "sha512-ozCC6gdQ+glXOQsveKD0YsDy8DSQFjDTz4zyzEHNV5+JP5D62LmfDZ6o1cycFx9ouG940M5dE8C8CTewdj2YWQ==",
        "dependencies": {}
      },
      "mime-db@1.52.0": {
        "integrity": "sha512-sPU4uV7dYlvtWJxwwxHD0PuihVNiE7TyAbQ5SWxDCB9mUYvOgroQOwYQQOKPJ8CIbE+1ETVlOoK1UC2nU3gYvg==",
        "dependencies": {}
      },
      "mime-types@2.1.35": {
        "integrity": "sha512-ZDY+bPm5zTTF+YpCrAU9nK0UgICYPT0QtT1NZWFv4s++TNkcgVaT0g6+4R2uI4MjQjzysHB1zxuWL50hzaeXiw==",
        "dependencies": {
          "mime-db": "mime-db@1.52.0"
        }
      },
      "mimic-response@3.1.0": {
        "integrity": "sha512-z0yWI+4FDrrweS8Zmt4Ej5HdJmky15+L2e6Wgn3+iK5fWzb6T3fhNFq2+MeTRb064c6Wr4N/wv0DzQTjNzHNGQ==",
        "dependencies": {}
      },
      "mimic-response@4.0.0": {
        "integrity": "sha512-e5ISH9xMYU0DzrT+jl8q2ze9D6eWBto+I8CNpe+VI+K2J/F/k3PdkdTdz4wvGVH4NTpo+NRYTVIuMQEMMcsLqg==",
        "dependencies": {}
      },
      "nanoid@3.3.6": {
        "integrity": "sha512-BGcqMMJuToF7i1rt+2PWSNVnWIkGCU78jBG3RxO/bZlnZPK2Cmi2QaffxGO/2RvWi9sL+FAiRiXMgsyxQ1DIDA==",
        "dependencies": {}
      },
      "normalize-url@8.0.0": {
        "integrity": "sha512-uVFpKhj5MheNBJRTiMZ9pE/7hD1QTeEvugSJW/OmLzAp78PB5O6adfMNTvmfKhXBkvCzC+rqifWcVYpGFwTjnw==",
        "dependencies": {}
      },
      "p-cancelable@3.0.0": {
        "integrity": "sha512-mlVgR3PGuzlo0MmTdk4cXqXWlwQDLnONTAg6sm62XkMJEiRxN3GL3SffkYvqwonbkJBcrI7Uvv5Zh9yjvn2iUw==",
        "dependencies": {}
      },
      "picocolors@1.0.0": {
        "integrity": "sha512-1fygroTLlHu66zi26VoTDv8yRgm0Fccecssto+MhsZ0D/DGW2sm8E8AjW7NU5VVTRt5GxbeZ5qBuJr+HyLYkjQ==",
        "dependencies": {}
      },
      "postcss@8.4.23": {
        "integrity": "sha512-bQ3qMcpF6A/YjR55xtoTr0jGOlnPOKAIMdOWiv0EIT6HVPEaJiJB4NLljSbiHoC2RX7DN5Uvjtpbg1NPdwv1oA==",
        "dependencies": {
          "nanoid": "nanoid@3.3.6",
          "picocolors": "picocolors@1.0.0",
          "source-map-js": "source-map-js@1.0.2"
        }
      },
      "proxy-from-env@1.1.0": {
        "integrity": "sha512-D+zkORCbA9f1tdWRK0RaCR3GPv50cMxcrz4X8k5LTSUD1Dkw47mKJEZQNunItRTkWwgtaUSo1RVFRIG9ZXiFYg==",
        "dependencies": {}
      },
      "quick-lru@5.1.1": {
        "integrity": "sha512-WuyALRjWPDGtt/wzJiadO5AXY+8hZ80hVpe6MyivgraREW751X3SbhRvG3eLKOYN+8VEvqLcf3wdnt44Z4S4SA==",
        "dependencies": {}
      },
      "resolve-alpn@1.2.1": {
        "integrity": "sha512-0a1F4l73/ZFZOakJnQ3FvkJ2+gSTQWz/r2KE5OdDY0TxPm5h4GkqkWWfM47T7HsbnOtcJVEF4epCVy6u7Q3K+g==",
        "dependencies": {}
      },
      "responselike@3.0.0": {
        "integrity": "sha512-40yHxbNcl2+rzXvZuVkrYohathsSJlMTXKryG5y8uciHv1+xDLHQpgjG64JUO9nrEq2jGLH6IZ8BcZyw3wrweg==",
        "dependencies": {
          "lowercase-keys": "lowercase-keys@3.0.0"
        }
      },
      "rollup@3.23.0": {
        "integrity": "sha512-h31UlwEi7FHihLe1zbk+3Q7z1k/84rb9BSwmBSr/XjOCEaBJ2YyedQDuM0t/kfOS0IxM+vk1/zI9XxYj9V+NJQ==",
        "dependencies": {
          "fsevents": "fsevents@2.3.2"
        }
      },
      "source-map-js@1.0.2": {
        "integrity": "sha512-R0XvVJ9WusLiqTCEiGCmICCMplcCkIwwR11mOSD9CR5u+IXYdiseeEuXCVAjS54zqwkLcPNnmU4OeJ6tUrWhDw==",
        "dependencies": {}
      },
      "typescript@5.1.3": {
        "integrity": "sha512-XH627E9vkeqhlZFQuL+UsyAXEnibT0kWR2FWONlr4sTjvxyJYnyefgrkyECLzM5NenmKzRAy2rR/OlYLA1HkZw==",
        "dependencies": {}
      },
      "vite@4.3.8": {
        "integrity": "sha512-uYB8PwN7hbMrf4j1xzGDk/lqjsZvCDbt/JC5dyfxc19Pg8kRm14LinK/uq+HSLNswZEoKmweGdtpbnxRtrAXiQ==",
        "dependencies": {
          "esbuild": "esbuild@0.17.19",
          "fsevents": "fsevents@2.3.2",
          "postcss": "postcss@8.4.23",
          "rollup": "rollup@3.23.0"
        }
      },
      "vite@4.3.9": {
        "integrity": "sha512-qsTNZjO9NoJNW7KnOrgYwczm0WctJ8m/yqYAMAK9Lxt4SoySUfS5S8ia9K7JHpa3KEeMfyF8LoJ3c5NeBJy6pg==",
        "dependencies": {
          "esbuild": "esbuild@0.17.19",
          "fsevents": "fsevents@2.3.2",
          "postcss": "postcss@8.4.23",
          "rollup": "rollup@3.23.0"
        }
      },
      "wretch@2.5.2": {
        "integrity": "sha512-6Pd1GvoNYzf17WH1jggzsq8E00UQqiO0kJvLS1dmIEnX8IE0zBfd77Sid5IqTGYVKhad88ygTudbvHdsvPvmCA==",
        "dependencies": {}
      },
      "ya-fetch@2.1.0": {
        "integrity": "sha512-kSLYQ5O7Tjj8VL4x3dr+diuDtox3LhNvZX2oXnwSWFVVrsgmFgnvYDDg7JDai1xSqesGiUkl9pO/bQOcWBtsFQ==",
        "dependencies": {}
      }
    }
  }
}
